
Microsoft Visual Studio Solution File, Format Version 12.00
# Visual Studio Version 17
VisualStudioVersion = 17.0.31903.59
MinimumVisualStudioVersion = 10.0.40219.1
Project("{2150E333-8FDC-42A3-9474-1A3956D46DE8}") = "src", "src", "{827E0CD3-B72D-47B6-A68D-7590B98EB39B}"
EndProject
Project("{2150E333-8FDC-42A3-9474-1A3956D46DE8}") = "Shared", "Shared", "{C8E42992-5E42-0C2B-DBFE-AA848D06431C}"
EndProject
Project("{FAE04EC0-301F-11D3-BF4B-00C04F79EFBC}") = "UAP.SharedKernel", "src\Shared\UAP.SharedKernel\UAP.SharedKernel.csproj", "{7561C42B-E8DE-40EE-B1D6-05DF1970ECD0}"
EndProject
Project("{FAE04EC0-301F-11D3-BF4B-00C04F79EFBC}") = "UAP.Shared.Contracts", "src\Shared\UAP.Shared.Contracts\UAP.Shared.Contracts.csproj", "{3517E503-9630-4E7B-BA0B-7237CCED5FC3}"
EndProject
Project("{FAE04EC0-301F-11D3-BF4B-00C04F79EFBC}") = "UAP.Shared.Infrastructure", "src\Shared\UAP.Shared.Infrastructure\UAP.Shared.Infrastructure.csproj", "{7BB69D3B-518C-4D60-9C06-2C9B20A5767B}"
EndProject
Project("{2150E333-8FDC-42A3-9474-1A3956D46DE8}") = "Services", "Services", "{984BB9B3-3FA3-BE33-9484-CAC21695A33C}"
EndProject
Project("{2150E333-8FDC-42A3-9474-1A3956D46DE8}") = "Authentication", "Authentication", "{35B252CD-DBC2-5645-A9A6-DEDB19DB9068}"
EndProject
Project("{FAE04EC0-301F-11D3-BF4B-00C04F79EFBC}") = "UAP.Authentication.API", "src\Services\Authentication\UAP.Authentication.API\UAP.Authentication.API.csproj", "{95B55142-413D-40A0-A3D4-5C5545F97520}"
EndProject
Project("{2150E333-8FDC-42A3-9474-1A3956D46DE8}") = "CourseCatalog", "CourseCatalog", "{E09D0D4B-09DE-AC64-BDD5-02A8DED3608B}"
EndProject
Project("{FAE04EC0-301F-11D3-BF4B-00C04F79EFBC}") = "UAP.CourseCatalog.API", "src\Services\CourseCatalog\UAP.CourseCatalog.API\UAP.CourseCatalog.API.csproj", "{5D4994AB-C7C5-45AE-A0FB-43E1B60A57CE}"
EndProject
Project("{2150E333-8FDC-42A3-9474-1A3956D46DE8}") = "StudentAcademic", "StudentAcademic", "{ED76D384-4B43-DCB1-E9B5-66289927C3F0}"
EndProject
Project("{FAE04EC0-301F-11D3-BF4B-00C04F79EFBC}") = "UAP.StudentAcademic.API", "src\Services\StudentAcademic\UAP.StudentAcademic.API\UAP.StudentAcademic.API.csproj", "{2D63FA8D-78AF-43B5-93DD-826BFCE19AED}"
EndProject
Project("{2150E333-8FDC-42A3-9474-1A3956D46DE8}") = "Gateways", "Gateways", "{CBE535C5-B51A-60E9-4D99-AC1BFAA908A1}"
EndProject
Project("{FAE04EC0-301F-11D3-BF4B-00C04F79EFBC}") = "UAP.ApiGateway", "src\Gateways\UAP.ApiGateway\UAP.ApiGateway.csproj", "{1F18BC5E-6D29-47E1-A330-840DC8FAA4DA}"
EndProject
Project("{FAE04EC0-301F-11D3-BF4B-00C04F79EFBC}") = "UAP.Authentication.Application", "src\Services\Authentication\UAP.Authentication.Application\UAP.Authentication.Application.csproj", "{C87FE435-D878-4A7B-89BC-BB30D092B14E}"
EndProject
Project("{FAE04EC0-301F-11D3-BF4B-00C04F79EFBC}") = "UAP.Authentication.Domain", "src\Services\Authentication\UAP.Authentication.Domain\UAP.Authentication.Domain.csproj", "{945A7631-07AA-4E6D-8516-59784A224985}"
EndProject
Project("{FAE04EC0-301F-11D3-BF4B-00C04F79EFBC}") = "UAP.Authentication.Infrastructure", "src\Services\Authentication\UAP.Authentication.Infrastructure\UAP.Authentication.Infrastructure.csproj", "{F227960C-85E0-4DF0-8741-7E0A1A004674}"
EndProject
Project("{FAE04EC0-301F-11D3-BF4B-00C04F79EFBC}") = "UAP.CourseCatalog.Domain", "src\Services\CourseCatalog\UAP.CourseCatalog.Domain\UAP.CourseCatalog.Domain.csproj", "{1F01070F-9C76-4037-BED9-0F3C7EE726DF}"
EndProject
Project("{FAE04EC0-301F-11D3-BF4B-00C04F79EFBC}") = "UAP.CourseCatalog.Application", "src\Services\CourseCatalog\UAP.CourseCatalog.Application\UAP.CourseCatalog.Application.csproj", "{1B818C7A-0A4F-4896-A500-83381135CAF0}"
EndProject
Project("{FAE04EC0-301F-11D3-BF4B-00C04F79EFBC}") = "UAP.CourseCatalog.Infrastructure", "src\Services\CourseCatalog\UAP.CourseCatalog.Infrastructure\UAP.CourseCatalog.Infrastructure.csproj", "{6AF063D2-058A-42D2-BFFB-EE0C2AEFB136}"
EndProject
Global
	GlobalSection(SolutionConfigurationPlatforms) = preSolution
		Debug|Any CPU = Debug|Any CPU
		Debug|x64 = Debug|x64
		Debug|x86 = Debug|x86
		Release|Any CPU = Release|Any CPU
		Release|x64 = Release|x64
		Release|x86 = Release|x86
	EndGlobalSection
	GlobalSection(ProjectConfigurationPlatforms) = postSolution
		{7561C42B-E8DE-40EE-B1D6-05DF1970ECD0}.Debug|Any CPU.ActiveCfg = Debug|Any CPU
		{7561C42B-E8DE-40EE-B1D6-05DF1970ECD0}.Debug|Any CPU.Build.0 = Debug|Any CPU
		{7561C42B-E8DE-40EE-B1D6-05DF1970ECD0}.Debug|x64.ActiveCfg = Debug|Any CPU
		{7561C42B-E8DE-40EE-B1D6-05DF1970ECD0}.Debug|x64.Build.0 = Debug|Any CPU
		{7561C42B-E8DE-40EE-B1D6-05DF1970ECD0}.Debug|x86.ActiveCfg = Debug|Any CPU
		{7561C42B-E8DE-40EE-B1D6-05DF1970ECD0}.Debug|x86.Build.0 = Debug|Any CPU
		{7561C42B-E8DE-40EE-B1D6-05DF1970ECD0}.Release|Any CPU.ActiveCfg = Release|Any CPU
		{7561C42B-E8DE-40EE-B1D6-05DF1970ECD0}.Release|Any CPU.Build.0 = Release|Any CPU
		{7561C42B-E8DE-40EE-B1D6-05DF1970ECD0}.Release|x64.ActiveCfg = Release|Any CPU
		{7561C42B-E8DE-40EE-B1D6-05DF1970ECD0}.Release|x64.Build.0 = Release|Any CPU
		{7561C42B-E8DE-40EE-B1D6-05DF1970ECD0}.Release|x86.ActiveCfg = Release|Any CPU
		{7561C42B-E8DE-40EE-B1D6-05DF1970ECD0}.Release|x86.Build.0 = Release|Any CPU
		{3517E503-9630-4E7B-BA0B-7237CCED5FC3}.Debug|Any CPU.ActiveCfg = Debug|Any CPU
		{3517E503-9630-4E7B-BA0B-7237CCED5FC3}.Debug|Any CPU.Build.0 = Debug|Any CPU
		{3517E503-9630-4E7B-BA0B-7237CCED5FC3}.Debug|x64.ActiveCfg = Debug|Any CPU
		{3517E503-9630-4E7B-BA0B-7237CCED5FC3}.Debug|x64.Build.0 = Debug|Any CPU
		{3517E503-9630-4E7B-BA0B-7237CCED5FC3}.Debug|x86.ActiveCfg = Debug|Any CPU
		{3517E503-9630-4E7B-BA0B-7237CCED5FC3}.Debug|x86.Build.0 = Debug|Any CPU
		{3517E503-9630-4E7B-BA0B-7237CCED5FC3}.Release|Any CPU.ActiveCfg = Release|Any CPU
		{3517E503-9630-4E7B-BA0B-7237CCED5FC3}.Release|Any CPU.Build.0 = Release|Any CPU
		{3517E503-9630-4E7B-BA0B-7237CCED5FC3}.Release|x64.ActiveCfg = Release|Any CPU
		{3517E503-9630-4E7B-BA0B-7237CCED5FC3}.Release|x64.Build.0 = Release|Any CPU
		{3517E503-9630-4E7B-BA0B-7237CCED5FC3}.Release|x86.ActiveCfg = Release|Any CPU
		{3517E503-9630-4E7B-BA0B-7237CCED5FC3}.Release|x86.Build.0 = Release|Any CPU
		{7BB69D3B-518C-4D60-9C06-2C9B20A5767B}.Debug|Any CPU.ActiveCfg = Debug|Any CPU
		{7BB69D3B-518C-4D60-9C06-2C9B20A5767B}.Debug|Any CPU.Build.0 = Debug|Any CPU
		{7BB69D3B-518C-4D60-9C06-2C9B20A5767B}.Debug|x64.ActiveCfg = Debug|Any CPU
		{7BB69D3B-518C-4D60-9C06-2C9B20A5767B}.Debug|x64.Build.0 = Debug|Any CPU
		{7BB69D3B-518C-4D60-9C06-2C9B20A5767B}.Debug|x86.ActiveCfg = Debug|Any CPU
		{7BB69D3B-518C-4D60-9C06-2C9B20A5767B}.Debug|x86.Build.0 = Debug|Any CPU
		{7BB69D3B-518C-4D60-9C06-2C9B20A5767B}.Release|Any CPU.ActiveCfg = Release|Any CPU
		{7BB69D3B-518C-4D60-9C06-2C9B20A5767B}.Release|Any CPU.Build.0 = Release|Any CPU
		{7BB69D3B-518C-4D60-9C06-2C9B20A5767B}.Release|x64.ActiveCfg = Release|Any CPU
		{7BB69D3B-518C-4D60-9C06-2C9B20A5767B}.Release|x64.Build.0 = Release|Any CPU
		{7BB69D3B-518C-4D60-9C06-2C9B20A5767B}.Release|x86.ActiveCfg = Release|Any CPU
		{7BB69D3B-518C-4D60-9C06-2C9B20A5767B}.Release|x86.Build.0 = Release|Any CPU
		{95B55142-413D-40A0-A3D4-5C5545F97520}.Debug|Any CPU.ActiveCfg = Debug|Any CPU
		{95B55142-413D-40A0-A3D4-5C5545F97520}.Debug|Any CPU.Build.0 = Debug|Any CPU
		{95B55142-413D-40A0-A3D4-5C5545F97520}.Debug|x64.ActiveCfg = Debug|Any CPU
		{95B55142-413D-40A0-A3D4-5C5545F97520}.Debug|x64.Build.0 = Debug|Any CPU
		{95B55142-413D-40A0-A3D4-5C5545F97520}.Debug|x86.ActiveCfg = Debug|Any CPU
		{95B55142-413D-40A0-A3D4-5C5545F97520}.Debug|x86.Build.0 = Debug|Any CPU
		{95B55142-413D-40A0-A3D4-5C5545F97520}.Release|Any CPU.ActiveCfg = Release|Any CPU
		{95B55142-413D-40A0-A3D4-5C5545F97520}.Release|Any CPU.Build.0 = Release|Any CPU
		{95B55142-413D-40A0-A3D4-5C5545F97520}.Release|x64.ActiveCfg = Release|Any CPU
		{95B55142-413D-40A0-A3D4-5C5545F97520}.Release|x64.Build.0 = Release|Any CPU
		{95B55142-413D-40A0-A3D4-5C5545F97520}.Release|x86.ActiveCfg = Release|Any CPU
		{95B55142-413D-40A0-A3D4-5C5545F97520}.Release|x86.Build.0 = Release|Any CPU
		{5D4994AB-C7C5-45AE-A0FB-43E1B60A57CE}.Debug|Any CPU.ActiveCfg = Debug|Any CPU
		{5D4994AB-C7C5-45AE-A0FB-43E1B60A57CE}.Debug|Any CPU.Build.0 = Debug|Any CPU
		{5D4994AB-C7C5-45AE-A0FB-43E1B60A57CE}.Debug|x64.ActiveCfg = Debug|Any CPU
		{5D4994AB-C7C5-45AE-A0FB-43E1B60A57CE}.Debug|x64.Build.0 = Debug|Any CPU
		{5D4994AB-C7C5-45AE-A0FB-43E1B60A57CE}.Debug|x86.ActiveCfg = Debug|Any CPU
		{5D4994AB-C7C5-45AE-A0FB-43E1B60A57CE}.Debug|x86.Build.0 = Debug|Any CPU
		{5D4994AB-C7C5-45AE-A0FB-43E1B60A57CE}.Release|Any CPU.ActiveCfg = Release|Any CPU
		{5D4994AB-C7C5-45AE-A0FB-43E1B60A57CE}.Release|Any CPU.Build.0 = Release|Any CPU
		{5D4994AB-C7C5-45AE-A0FB-43E1B60A57CE}.Release|x64.ActiveCfg = Release|Any CPU
		{5D4994AB-C7C5-45AE-A0FB-43E1B60A57CE}.Release|x64.Build.0 = Release|Any CPU
		{5D4994AB-C7C5-45AE-A0FB-43E1B60A57CE}.Release|x86.ActiveCfg = Release|Any CPU
		{5D4994AB-C7C5-45AE-A0FB-43E1B60A57CE}.Release|x86.Build.0 = Release|Any CPU
		{2D63FA8D-78AF-43B5-93DD-826BFCE19AED}.Debug|Any CPU.ActiveCfg = Debug|Any CPU
		{2D63FA8D-78AF-43B5-93DD-826BFCE19AED}.Debug|Any CPU.Build.0 = Debug|Any CPU
		{2D63FA8D-78AF-43B5-93DD-826BFCE19AED}.Debug|x64.ActiveCfg = Debug|Any CPU
		{2D63FA8D-78AF-43B5-93DD-826BFCE19AED}.Debug|x64.Build.0 = Debug|Any CPU
		{2D63FA8D-78AF-43B5-93DD-826BFCE19AED}.Debug|x86.ActiveCfg = Debug|Any CPU
		{2D63FA8D-78AF-43B5-93DD-826BFCE19AED}.Debug|x86.Build.0 = Debug|Any CPU
		{2D63FA8D-78AF-43B5-93DD-826BFCE19AED}.Release|Any CPU.ActiveCfg = Release|Any CPU
		{2D63FA8D-78AF-43B5-93DD-826BFCE19AED}.Release|Any CPU.Build.0 = Release|Any CPU
		{2D63FA8D-78AF-43B5-93DD-826BFCE19AED}.Release|x64.ActiveCfg = Release|Any CPU
		{2D63FA8D-78AF-43B5-93DD-826BFCE19AED}.Release|x64.Build.0 = Release|Any CPU
		{2D63FA8D-78AF-43B5-93DD-826BFCE19AED}.Release|x86.ActiveCfg = Release|Any CPU
		{2D63FA8D-78AF-43B5-93DD-826BFCE19AED}.Release|x86.Build.0 = Release|Any CPU
		{1F18BC5E-6D29-47E1-A330-840DC8FAA4DA}.Debug|Any CPU.ActiveCfg = Debug|Any CPU
		{1F18BC5E-6D29-47E1-A330-840DC8FAA4DA}.Debug|Any CPU.Build.0 = Debug|Any CPU
		{1F18BC5E-6D29-47E1-A330-840DC8FAA4DA}.Debug|x64.ActiveCfg = Debug|Any CPU
		{1F18BC5E-6D29-47E1-A330-840DC8FAA4DA}.Debug|x64.Build.0 = Debug|Any CPU
		{1F18BC5E-6D29-47E1-A330-840DC8FAA4DA}.Debug|x86.ActiveCfg = Debug|Any CPU
		{1F18BC5E-6D29-47E1-A330-840DC8FAA4DA}.Debug|x86.Build.0 = Debug|Any CPU
		{1F18BC5E-6D29-47E1-A330-840DC8FAA4DA}.Release|Any CPU.ActiveCfg = Release|Any CPU
		{1F18BC5E-6D29-47E1-A330-840DC8FAA4DA}.Release|Any CPU.Build.0 = Release|Any CPU
		{1F18BC5E-6D29-47E1-A330-840DC8FAA4DA}.Release|x64.ActiveCfg = Release|Any CPU
		{1F18BC5E-6D29-47E1-A330-840DC8FAA4DA}.Release|x64.Build.0 = Release|Any CPU
		{1F18BC5E-6D29-47E1-A330-840DC8FAA4DA}.Release|x86.ActiveCfg = Release|Any CPU
		{1F18BC5E-6D29-47E1-A330-840DC8FAA4DA}.Release|x86.Build.0 = Release|Any CPU
		{C87FE435-D878-4A7B-89BC-BB30D092B14E}.Debug|Any CPU.ActiveCfg = Debug|Any CPU
		{C87FE435-D878-4A7B-89BC-BB30D092B14E}.Debug|Any CPU.Build.0 = Debug|Any CPU
		{C87FE435-D878-4A7B-89BC-BB30D092B14E}.Debug|x64.ActiveCfg = Debug|Any CPU
		{C87FE435-D878-4A7B-89BC-BB30D092B14E}.Debug|x64.Build.0 = Debug|Any CPU
		{C87FE435-D878-4A7B-89BC-BB30D092B14E}.Debug|x86.ActiveCfg = Debug|Any CPU
		{C87FE435-D878-4A7B-89BC-BB30D092B14E}.Debug|x86.Build.0 = Debug|Any CPU
		{C87FE435-D878-4A7B-89BC-BB30D092B14E}.Release|Any CPU.ActiveCfg = Release|Any CPU
		{C87FE435-D878-4A7B-89BC-BB30D092B14E}.Release|Any CPU.Build.0 = Release|Any CPU
		{C87FE435-D878-4A7B-89BC-BB30D092B14E}.Release|x64.ActiveCfg = Release|Any CPU
		{C87FE435-D878-4A7B-89BC-BB30D092B14E}.Release|x64.Build.0 = Release|Any CPU
		{C87FE435-D878-4A7B-89BC-BB30D092B14E}.Release|x86.ActiveCfg = Release|Any CPU
		{C87FE435-D878-4A7B-89BC-BB30D092B14E}.Release|x86.Build.0 = Release|Any CPU
		{945A7631-07AA-4E6D-8516-59784A224985}.Debug|Any CPU.ActiveCfg = Debug|Any CPU
		{945A7631-07AA-4E6D-8516-59784A224985}.Debug|Any CPU.Build.0 = Debug|Any CPU
		{945A7631-07AA-4E6D-8516-59784A224985}.Debug|x64.ActiveCfg = Debug|Any CPU
		{945A7631-07AA-4E6D-8516-59784A224985}.Debug|x64.Build.0 = Debug|Any CPU
		{945A7631-07AA-4E6D-8516-59784A224985}.Debug|x86.ActiveCfg = Debug|Any CPU
		{945A7631-07AA-4E6D-8516-59784A224985}.Debug|x86.Build.0 = Debug|Any CPU
		{945A7631-07AA-4E6D-8516-59784A224985}.Release|Any CPU.ActiveCfg = Release|Any CPU
		{945A7631-07AA-4E6D-8516-59784A224985}.Release|Any CPU.Build.0 = Release|Any CPU
		{945A7631-07AA-4E6D-8516-59784A224985}.Release|x64.ActiveCfg = Release|Any CPU
		{945A7631-07AA-4E6D-8516-59784A224985}.Release|x64.Build.0 = Release|Any CPU
		{945A7631-07AA-4E6D-8516-59784A224985}.Release|x86.ActiveCfg = Release|Any CPU
		{945A7631-07AA-4E6D-8516-59784A224985}.Release|x86.Build.0 = Release|Any CPU
		{F227960C-85E0-4DF0-8741-7E0A1A004674}.Debug|Any CPU.ActiveCfg = Debug|Any CPU
		{F227960C-85E0-4DF0-8741-7E0A1A004674}.Debug|Any CPU.Build.0 = Debug|Any CPU
		{F227960C-85E0-4DF0-8741-7E0A1A004674}.Debug|x64.ActiveCfg = Debug|Any CPU
		{F227960C-85E0-4DF0-8741-7E0A1A004674}.Debug|x64.Build.0 = Debug|Any CPU
		{F227960C-85E0-4DF0-8741-7E0A1A004674}.Debug|x86.ActiveCfg = Debug|Any CPU
		{F227960C-85E0-4DF0-8741-7E0A1A004674}.Debug|x86.Build.0 = Debug|Any CPU
		{F227960C-85E0-4DF0-8741-7E0A1A004674}.Release|Any CPU.ActiveCfg = Release|Any CPU
		{F227960C-85E0-4DF0-8741-7E0A1A004674}.Release|Any CPU.Build.0 = Release|Any CPU
		{F227960C-85E0-4DF0-8741-7E0A1A004674}.Release|x64.ActiveCfg = Release|Any CPU
		{F227960C-85E0-4DF0-8741-7E0A1A004674}.Release|x64.Build.0 = Release|Any CPU
		{F227960C-85E0-4DF0-8741-7E0A1A004674}.Release|x86.ActiveCfg = Release|Any CPU
		{F227960C-85E0-4DF0-8741-7E0A1A004674}.Release|x86.Build.0 = Release|Any CPU
		{1F01070F-9C76-4037-BED9-0F3C7EE726DF}.Debug|Any CPU.ActiveCfg = Debug|Any CPU
		{1F01070F-9C76-4037-BED9-0F3C7EE726DF}.Debug|Any CPU.Build.0 = Debug|Any CPU
		{1F01070F-9C76-4037-BED9-0F3C7EE726DF}.Debug|x64.ActiveCfg = Debug|Any CPU
		{1F01070F-9C76-4037-BED9-0F3C7EE726DF}.Debug|x64.Build.0 = Debug|Any CPU
		{1F01070F-9C76-4037-BED9-0F3C7EE726DF}.Debug|x86.ActiveCfg = Debug|Any CPU
		{1F01070F-9C76-4037-BED9-0F3C7EE726DF}.Debug|x86.Build.0 = Debug|Any CPU
		{1F01070F-9C76-4037-BED9-0F3C7EE726DF}.Release|Any CPU.ActiveCfg = Release|Any CPU
		{1F01070F-9C76-4037-BED9-0F3C7EE726DF}.Release|Any CPU.Build.0 = Release|Any CPU
		{1F01070F-9C76-4037-BED9-0F3C7EE726DF}.Release|x64.ActiveCfg = Release|Any CPU
		{1F01070F-9C76-4037-BED9-0F3C7EE726DF}.Release|x64.Build.0 = Release|Any CPU
		{1F01070F-9C76-4037-BED9-0F3C7EE726DF}.Release|x86.ActiveCfg = Release|Any CPU
		{1F01070F-9C76-4037-BED9-0F3C7EE726DF}.Release|x86.Build.0 = Release|Any CPU
		{1B818C7A-0A4F-4896-A500-83381135CAF0}.Debug|Any CPU.ActiveCfg = Debug|Any CPU
		{1B818C7A-0A4F-4896-A500-83381135CAF0}.Debug|Any CPU.Build.0 = Debug|Any CPU
		{1B818C7A-0A4F-4896-A500-83381135CAF0}.Debug|x64.ActiveCfg = Debug|Any CPU
		{1B818C7A-0A4F-4896-A500-83381135CAF0}.Debug|x64.Build.0 = Debug|Any CPU
		{1B818C7A-0A4F-4896-A500-83381135CAF0}.Debug|x86.ActiveCfg = Debug|Any CPU
		{1B818C7A-0A4F-4896-A500-83381135CAF0}.Debug|x86.Build.0 = Debug|Any CPU
		{1B818C7A-0A4F-4896-A500-83381135CAF0}.Release|Any CPU.ActiveCfg = Release|Any CPU
		{1B818C7A-0A4F-4896-A500-83381135CAF0}.Release|Any CPU.Build.0 = Release|Any CPU
		{1B818C7A-0A4F-4896-A500-83381135CAF0}.Release|x64.ActiveCfg = Release|Any CPU
		{1B818C7A-0A4F-4896-A500-83381135CAF0}.Release|x64.Build.0 = Release|Any CPU
		{1B818C7A-0A4F-4896-A500-83381135CAF0}.Release|x86.ActiveCfg = Release|Any CPU
		{1B818C7A-0A4F-4896-A500-83381135CAF0}.Release|x86.Build.0 = Release|Any CPU
		{6AF063D2-058A-42D2-BFFB-EE0C2AEFB136}.Debug|Any CPU.ActiveCfg = Debug|Any CPU
		{6AF063D2-058A-42D2-BFFB-EE0C2AEFB136}.Debug|Any CPU.Build.0 = Debug|Any CPU
		{6AF063D2-058A-42D2-BFFB-EE0C2AEFB136}.Debug|x64.ActiveCfg = Debug|Any CPU
		{6AF063D2-058A-42D2-BFFB-EE0C2AEFB136}.Debug|x64.Build.0 = Debug|Any CPU
		{6AF063D2-058A-42D2-BFFB-EE0C2AEFB136}.Debug|x86.ActiveCfg = Debug|Any CPU
		{6AF063D2-058A-42D2-BFFB-EE0C2AEFB136}.Debug|x86.Build.0 = Debug|Any CPU
		{6AF063D2-058A-42D2-BFFB-EE0C2AEFB136}.Release|Any CPU.ActiveCfg = Release|Any CPU
		{6AF063D2-058A-42D2-BFFB-EE0C2AEFB136}.Release|Any CPU.Build.0 = Release|Any CPU
		{6AF063D2-058A-42D2-BFFB-EE0C2AEFB136}.Release|x64.ActiveCfg = Release|Any CPU
		{6AF063D2-058A-42D2-BFFB-EE0C2AEFB136}.Release|x64.Build.0 = Release|Any CPU
		{6AF063D2-058A-42D2-BFFB-EE0C2AEFB136}.Release|x86.ActiveCfg = Release|Any CPU
		{6AF063D2-058A-42D2-BFFB-EE0C2AEFB136}.Release|x86.Build.0 = Release|Any CPU
	EndGlobalSection
	GlobalSection(SolutionProperties) = preSolution
		HideSolutionNode = FALSE
	EndGlobalSection
	GlobalSection(NestedProjects) = preSolution
		{C8E42992-5E42-0C2B-DBFE-AA848D06431C} = {827E0CD3-B72D-47B6-A68D-7590B98EB39B}
		{7561C42B-E8DE-40EE-B1D6-05DF1970ECD0} = {C8E42992-5E42-0C2B-DBFE-AA848D06431C}
		{3517E503-9630-4E7B-BA0B-7237CCED5FC3} = {C8E42992-5E42-0C2B-DBFE-AA848D06431C}
		{7BB69D3B-518C-4D60-9C06-2C9B20A5767B} = {C8E42992-5E42-0C2B-DBFE-AA848D06431C}
		{984BB9B3-3FA3-BE33-9484-CAC21695A33C} = {827E0CD3-B72D-47B6-A68D-7590B98EB39B}
		{35B252CD-DBC2-5645-A9A6-DEDB19DB9068} = {984BB9B3-3FA3-BE33-9484-CAC21695A33C}
		{95B55142-413D-40A0-A3D4-5C5545F97520} = {35B252CD-DBC2-5645-A9A6-DEDB19DB9068}
		{E09D0D4B-09DE-AC64-BDD5-02A8DED3608B} = {984BB9B3-3FA3-BE33-9484-CAC21695A33C}
		{5D4994AB-C7C5-45AE-A0FB-43E1B60A57CE} = {E09D0D4B-09DE-AC64-BDD5-02A8DED3608B}
		{ED76D384-4B43-DCB1-E9B5-66289927C3F0} = {984BB9B3-3FA3-BE33-9484-CAC21695A33C}
		{2D63FA8D-78AF-43B5-93DD-826BFCE19AED} = {ED76D384-4B43-DCB1-E9B5-66289927C3F0}
		{CBE535C5-B51A-60E9-4D99-AC1BFAA908A1} = {827E0CD3-B72D-47B6-A68D-7590B98EB39B}
		{1F18BC5E-6D29-47E1-A330-840DC8FAA4DA} = {CBE535C5-B51A-60E9-4D99-AC1BFAA908A1}
		{C87FE435-D878-4A7B-89BC-BB30D092B14E} = {35B252CD-DBC2-5645-A9A6-DEDB19DB9068}
		{945A7631-07AA-4E6D-8516-59784A224985} = {35B252CD-DBC2-5645-A9A6-DEDB19DB9068}
		{F227960C-85E0-4DF0-8741-7E0A1A004674} = {35B252CD-DBC2-5645-A9A6-DEDB19DB9068}
		{1F01070F-9C76-4037-BED9-0F3C7EE726DF} = {E09D0D4B-09DE-AC64-BDD5-02A8DED3608B}
		{1B818C7A-0A4F-4896-A500-83381135CAF0} = {E09D0D4B-09DE-AC64-BDD5-02A8DED3608B}
		{6AF063D2-058A-42D2-BFFB-EE0C2AEFB136} = {E09D0D4B-09DE-AC64-BDD5-02A8DED3608B}
	EndGlobalSection
EndGlobal
